// !$*UTF8*$!
{
	archiveVersion = 1;
	classes = {
	};
	objectVersion = 52;
	objects = {

/* Begin PBXBuildFile section */
		16ABEC3D24B81C39007577CF /* DITranquillityGraphviz.h in Headers */ = {isa = PBXBuildFile; fileRef = 16ABEC3B24B81C39007577CF /* DITranquillityGraphviz.h */; settings = {ATTRIBUTES = (Public, ); }; };
		16ABEC4024B81C81007577CF /* DIGraph+graphviz.swift in Sources */ = {isa = PBXBuildFile; fileRef = 16ABEC3F24B81C81007577CF /* DIGraph+graphviz.swift */; };
		16ABEC4324B81CC8007577CF /* DITranquillity in Frameworks */ = {isa = PBXBuildFile; productRef = 16ABEC4224B81CC8007577CF /* DITranquillity */; };
		16ABEC4524B81D4B007577CF /* GraphvizOptions.swift in Sources */ = {isa = PBXBuildFile; fileRef = 16ABEC4424B81D4B007577CF /* GraphvizOptions.swift */; };
		16ABEC4924BB18A2007577CF /* FrameworkCouplingInfoMaker.swift in Sources */ = {isa = PBXBuildFile; fileRef = 16ABEC4824BB18A2007577CF /* FrameworkCouplingInfoMaker.swift */; };
		16ABEC4B24BB1962007577CF /* VertexCouplingInfoMaker.swift in Sources */ = {isa = PBXBuildFile; fileRef = 16ABEC4A24BB1962007577CF /* VertexCouplingInfoMaker.swift */; };
		16ABEC4D24BB1A24007577CF /* DotFileMakerModeAny.swift in Sources */ = {isa = PBXBuildFile; fileRef = 16ABEC4C24BB1A24007577CF /* DotFileMakerModeAny.swift */; };
		16ABEC4F24BB1BCD007577CF /* DotFileMakerModeFrameworks.swift in Sources */ = {isa = PBXBuildFile; fileRef = 16ABEC4E24BB1BCD007577CF /* DotFileMakerModeFrameworks.swift */; };
		ABEE2C822683863500F60B21 /* NameMaker.swift in Sources */ = {isa = PBXBuildFile; fileRef = ABEE2C802683863500F60B21 /* NameMaker.swift */; };
		ABEE2C832683863500F60B21 /* DotFileMakerModeOnlyGraph.swift in Sources */ = {isa = PBXBuildFile; fileRef = ABEE2C812683863500F60B21 /* DotFileMakerModeOnlyGraph.swift */; };
/* End PBXBuildFile section */

/* Begin PBXFileReference section */
		16ABEC2F24B81BE9007577CF /* DITranquillityGraphviz.framework */ = {isa = PBXFileReference; explicitFileType = wrapper.framework; includeInIndex = 0; path = DITranquillityGraphviz.framework; sourceTree = BUILT_PRODUCTS_DIR; };
		16ABEC3B24B81C39007577CF /* DITranquillityGraphviz.h */ = {isa = PBXFileReference; fileEncoding = 4; lastKnownFileType = sourcecode.c.h; path = DITranquillityGraphviz.h; sourceTree = "<group>"; };
		16ABEC3C24B81C39007577CF /* Info.plist */ = {isa = PBXFileReference; fileEncoding = 4; lastKnownFileType = text.plist.xml; path = Info.plist; sourceTree = "<group>"; };
		16ABEC3F24B81C81007577CF /* DIGraph+graphviz.swift */ = {isa = PBXFileReference; lastKnownFileType = sourcecode.swift; path = "DIGraph+graphviz.swift"; sourceTree = "<group>"; };
		16ABEC4424B81D4B007577CF /* GraphvizOptions.swift */ = {isa = PBXFileReference; lastKnownFileType = sourcecode.swift; path = GraphvizOptions.swift; sourceTree = "<group>"; };
		16ABEC4824BB18A2007577CF /* FrameworkCouplingInfoMaker.swift */ = {isa = PBXFileReference; fileEncoding = 4; lastKnownFileType = sourcecode.swift; path = FrameworkCouplingInfoMaker.swift; sourceTree = "<group>"; };
		16ABEC4A24BB1962007577CF /* VertexCouplingInfoMaker.swift */ = {isa = PBXFileReference; lastKnownFileType = sourcecode.swift; path = VertexCouplingInfoMaker.swift; sourceTree = "<group>"; };
		16ABEC4C24BB1A24007577CF /* DotFileMakerModeAny.swift */ = {isa = PBXFileReference; lastKnownFileType = sourcecode.swift; path = DotFileMakerModeAny.swift; sourceTree = "<group>"; };
		16ABEC4E24BB1BCD007577CF /* DotFileMakerModeFrameworks.swift */ = {isa = PBXFileReference; lastKnownFileType = sourcecode.swift; path = DotFileMakerModeFrameworks.swift; sourceTree = "<group>"; };
		ABEE2C802683863500F60B21 /* NameMaker.swift */ = {isa = PBXFileReference; fileEncoding = 4; lastKnownFileType = sourcecode.swift; path = NameMaker.swift; sourceTree = "<group>"; };
		ABEE2C812683863500F60B21 /* DotFileMakerModeOnlyGraph.swift */ = {isa = PBXFileReference; fileEncoding = 4; lastKnownFileType = sourcecode.swift; path = DotFileMakerModeOnlyGraph.swift; sourceTree = "<group>"; };
/* End PBXFileReference section */

/* Begin PBXFrameworksBuildPhase section */
		16ABEC2C24B81BE9007577CF /* Frameworks */ = {
			isa = PBXFrameworksBuildPhase;
			buildActionMask = 2147483647;
			files = (
				16ABEC4324B81CC8007577CF /* DITranquillity in Frameworks */,
			);
			runOnlyForDeploymentPostprocessing = 0;
		};
/* End PBXFrameworksBuildPhase section */

/* Begin PBXGroup section */
		16ABEC2524B81BE9007577CF = {
			isa = PBXGroup;
			children = (
				16ABEC3A24B81C39007577CF /* Sources */,
				16ABEC3024B81BE9007577CF /* Products */,
			);
			sourceTree = "<group>";
		};
		16ABEC3024B81BE9007577CF /* Products */ = {
			isa = PBXGroup;
			children = (
				16ABEC2F24B81BE9007577CF /* DITranquillityGraphviz.framework */,
			);
			name = Products;
			sourceTree = "<group>";
		};
		16ABEC3A24B81C39007577CF /* Sources */ = {
			isa = PBXGroup;
			children = (
				ABEE2C812683863500F60B21 /* DotFileMakerModeOnlyGraph.swift */,
				ABEE2C802683863500F60B21 /* NameMaker.swift */,
				16ABEC4824BB18A2007577CF /* FrameworkCouplingInfoMaker.swift */,
				16ABEC4A24BB1962007577CF /* VertexCouplingInfoMaker.swift */,
				16ABEC3B24B81C39007577CF /* DITranquillityGraphviz.h */,
				16ABEC3C24B81C39007577CF /* Info.plist */,
				16ABEC3F24B81C81007577CF /* DIGraph+graphviz.swift */,
				16ABEC4424B81D4B007577CF /* GraphvizOptions.swift */,
				16ABEC4C24BB1A24007577CF /* DotFileMakerModeAny.swift */,
				16ABEC4E24BB1BCD007577CF /* DotFileMakerModeFrameworks.swift */,
			);
			path = Sources;
			sourceTree = "<group>";
		};
/* End PBXGroup section */

/* Begin PBXHeadersBuildPhase section */
		16ABEC2A24B81BE9007577CF /* Headers */ = {
			isa = PBXHeadersBuildPhase;
			buildActionMask = 2147483647;
			files = (
				16ABEC3D24B81C39007577CF /* DITranquillityGraphviz.h in Headers */,
			);
			runOnlyForDeploymentPostprocessing = 0;
		};
/* End PBXHeadersBuildPhase section */

/* Begin PBXNativeTarget section */
		16ABEC2E24B81BE9007577CF /* DITranquillityGraphviz */ = {
			isa = PBXNativeTarget;
			buildConfigurationList = 16ABEC3724B81BE9007577CF /* Build configuration list for PBXNativeTarget "DITranquillityGraphviz" */;
			buildPhases = (
				16ABEC2A24B81BE9007577CF /* Headers */,
				16ABEC2B24B81BE9007577CF /* Sources */,
				16ABEC2C24B81BE9007577CF /* Frameworks */,
				16ABEC2D24B81BE9007577CF /* Resources */,
			);
			buildRules = (
			);
			dependencies = (
			);
			name = DITranquillityGraphviz;
			packageProductDependencies = (
				16ABEC4224B81CC8007577CF /* DITranquillity */,
			);
			productName = DITranquillityGraphviz;
			productReference = 16ABEC2F24B81BE9007577CF /* DITranquillityGraphviz.framework */;
			productType = "com.apple.product-type.framework";
		};
/* End PBXNativeTarget section */

/* Begin PBXProject section */
		16ABEC2624B81BE9007577CF /* Project object */ = {
			isa = PBXProject;
			attributes = {
				LastUpgradeCheck = 1250;
				ORGANIZATIONNAME = sia;
				TargetAttributes = {
					16ABEC2E24B81BE9007577CF = {
						CreatedOnToolsVersion = 11.4.1;
						LastSwiftMigration = 1140;
					};
				};
			};
			buildConfigurationList = 16ABEC2924B81BE9007577CF /* Build configuration list for PBXProject "DITranquillityGraphviz" */;
			compatibilityVersion = "Xcode 9.3";
			developmentRegion = en;
			hasScannedForEncodings = 0;
			knownRegions = (
				en,
				Base,
			);
			mainGroup = 16ABEC2524B81BE9007577CF;
			packageReferences = (
				16ABEC4124B81CC8007577CF /* XCRemoteSwiftPackageReference "DITranquillity" */,
			);
			productRefGroup = 16ABEC3024B81BE9007577CF /* Products */;
			projectDirPath = "";
			projectRoot = "";
			targets = (
				16ABEC2E24B81BE9007577CF /* DITranquillityGraphviz */,
			);
		};
/* End PBXProject section */

/* Begin PBXResourcesBuildPhase section */
		16ABEC2D24B81BE9007577CF /* Resources */ = {
			isa = PBXResourcesBuildPhase;
			buildActionMask = 2147483647;
			files = (
			);
			runOnlyForDeploymentPostprocessing = 0;
		};
/* End PBXResourcesBuildPhase section */

/* Begin PBXSourcesBuildPhase section */
		16ABEC2B24B81BE9007577CF /* Sources */ = {
			isa = PBXSourcesBuildPhase;
			buildActionMask = 2147483647;
			files = (
				ABEE2C822683863500F60B21 /* NameMaker.swift in Sources */,
				16ABEC4024B81C81007577CF /* DIGraph+graphviz.swift in Sources */,
				ABEE2C832683863500F60B21 /* DotFileMakerModeOnlyGraph.swift in Sources */,
				16ABEC4524B81D4B007577CF /* GraphvizOptions.swift in Sources */,
				16ABEC4F24BB1BCD007577CF /* DotFileMakerModeFrameworks.swift in Sources */,
				16ABEC4924BB18A2007577CF /* FrameworkCouplingInfoMaker.swift in Sources */,
				16ABEC4D24BB1A24007577CF /* DotFileMakerModeAny.swift in Sources */,
				16ABEC4B24BB1962007577CF /* VertexCouplingInfoMaker.swift in Sources */,
			);
			runOnlyForDeploymentPostprocessing = 0;
		};
/* End PBXSourcesBuildPhase section */

/* Begin XCBuildConfiguration section */
		16ABEC3524B81BE9007577CF /* Debug */ = {
			isa = XCBuildConfiguration;
			buildSettings = {
				ALWAYS_SEARCH_USER_PATHS = NO;
				CLANG_ANALYZER_NONNULL = YES;
				CLANG_ANALYZER_NUMBER_OBJECT_CONVERSION = YES_AGGRESSIVE;
				CLANG_CXX_LANGUAGE_STANDARD = "gnu++14";
				CLANG_CXX_LIBRARY = "libc++";
				CLANG_ENABLE_MODULES = YES;
				CLANG_ENABLE_OBJC_ARC = YES;
				CLANG_ENABLE_OBJC_WEAK = YES;
				CLANG_WARN_BLOCK_CAPTURE_AUTORELEASING = YES;
				CLANG_WARN_BOOL_CONVERSION = YES;
				CLANG_WARN_COMMA = YES;
				CLANG_WARN_CONSTANT_CONVERSION = YES;
				CLANG_WARN_DEPRECATED_OBJC_IMPLEMENTATIONS = YES;
				CLANG_WARN_DIRECT_OBJC_ISA_USAGE = YES_ERROR;
				CLANG_WARN_DOCUMENTATION_COMMENTS = YES;
				CLANG_WARN_EMPTY_BODY = YES;
				CLANG_WARN_ENUM_CONVERSION = YES;
				CLANG_WARN_INFINITE_RECURSION = YES;
				CLANG_WARN_INT_CONVERSION = YES;
				CLANG_WARN_NON_LITERAL_NULL_CONVERSION = YES;
				CLANG_WARN_OBJC_IMPLICIT_RETAIN_SELF = YES;
				CLANG_WARN_OBJC_LITERAL_CONVERSION = YES;
				CLANG_WARN_OBJC_ROOT_CLASS = YES_ERROR;
				CLANG_WARN_QUOTED_INCLUDE_IN_FRAMEWORK_HEADER = YES;
				CLANG_WARN_RANGE_LOOP_ANALYSIS = YES;
				CLANG_WARN_STRICT_PROTOTYPES = YES;
				CLANG_WARN_SUSPICIOUS_MOVE = YES;
				CLANG_WARN_UNGUARDED_AVAILABILITY = YES_AGGRESSIVE;
				CLANG_WARN_UNREACHABLE_CODE = YES;
				CLANG_WARN__DUPLICATE_METHOD_MATCH = YES;
				COPY_PHASE_STRIP = NO;
				CURRENT_PROJECT_VERSION = 1;
				DEBUG_INFORMATION_FORMAT = dwarf;
				ENABLE_STRICT_OBJC_MSGSEND = YES;
				ENABLE_TESTABILITY = YES;
				GCC_C_LANGUAGE_STANDARD = gnu11;
				GCC_DYNAMIC_NO_PIC = NO;
				GCC_NO_COMMON_BLOCKS = YES;
				GCC_OPTIMIZATION_LEVEL = 0;
				GCC_PREPROCESSOR_DEFINITIONS = (
					"DEBUG=1",
					"$(inherited)",
				);
				GCC_WARN_64_TO_32_BIT_CONVERSION = YES;
				GCC_WARN_ABOUT_RETURN_TYPE = YES_ERROR;
				GCC_WARN_UNDECLARED_SELECTOR = YES;
				GCC_WARN_UNINITIALIZED_AUTOS = YES_AGGRESSIVE;
				GCC_WARN_UNUSED_FUNCTION = YES;
				GCC_WARN_UNUSED_VARIABLE = YES;
				IPHONEOS_DEPLOYMENT_TARGET = 9.0;
				MTL_ENABLE_DEBUG_INFO = INCLUDE_SOURCE;
				MTL_FAST_MATH = YES;
				ONLY_ACTIVE_ARCH = YES;
				SDKROOT = iphoneos;
				SWIFT_ACTIVE_COMPILATION_CONDITIONS = DEBUG;
				SWIFT_OPTIMIZATION_LEVEL = "-Onone";
				VERSIONING_SYSTEM = "apple-generic";
				VERSION_INFO_PREFIX = "";
			};
			name = Debug;
		};
		16ABEC3624B81BE9007577CF /* Release */ = {
			isa = XCBuildConfiguration;
			buildSettings = {
				ALWAYS_SEARCH_USER_PATHS = NO;
				CLANG_ANALYZER_NONNULL = YES;
				CLANG_ANALYZER_NUMBER_OBJECT_CONVERSION = YES_AGGRESSIVE;
				CLANG_CXX_LANGUAGE_STANDARD = "gnu++14";
				CLANG_CXX_LIBRARY = "libc++";
				CLANG_ENABLE_MODULES = YES;
				CLANG_ENABLE_OBJC_ARC = YES;
				CLANG_ENABLE_OBJC_WEAK = YES;
				CLANG_WARN_BLOCK_CAPTURE_AUTORELEASING = YES;
				CLANG_WARN_BOOL_CONVERSION = YES;
				CLANG_WARN_COMMA = YES;
				CLANG_WARN_CONSTANT_CONVERSION = YES;
				CLANG_WARN_DEPRECATED_OBJC_IMPLEMENTATIONS = YES;
				CLANG_WARN_DIRECT_OBJC_ISA_USAGE = YES_ERROR;
				CLANG_WARN_DOCUMENTATION_COMMENTS = YES;
				CLANG_WARN_EMPTY_BODY = YES;
				CLANG_WARN_ENUM_CONVERSION = YES;
				CLANG_WARN_INFINITE_RECURSION = YES;
				CLANG_WARN_INT_CONVERSION = YES;
				CLANG_WARN_NON_LITERAL_NULL_CONVERSION = YES;
				CLANG_WARN_OBJC_IMPLICIT_RETAIN_SELF = YES;
				CLANG_WARN_OBJC_LITERAL_CONVERSION = YES;
				CLANG_WARN_OBJC_ROOT_CLASS = YES_ERROR;
				CLANG_WARN_QUOTED_INCLUDE_IN_FRAMEWORK_HEADER = YES;
				CLANG_WARN_RANGE_LOOP_ANALYSIS = YES;
				CLANG_WARN_STRICT_PROTOTYPES = YES;
				CLANG_WARN_SUSPICIOUS_MOVE = YES;
				CLANG_WARN_UNGUARDED_AVAILABILITY = YES_AGGRESSIVE;
				CLANG_WARN_UNREACHABLE_CODE = YES;
				CLANG_WARN__DUPLICATE_METHOD_MATCH = YES;
				COPY_PHASE_STRIP = NO;
				CURRENT_PROJECT_VERSION = 1;
				DEBUG_INFORMATION_FORMAT = "dwarf-with-dsym";
				ENABLE_NS_ASSERTIONS = NO;
				ENABLE_STRICT_OBJC_MSGSEND = YES;
				GCC_C_LANGUAGE_STANDARD = gnu11;
				GCC_NO_COMMON_BLOCKS = YES;
				GCC_WARN_64_TO_32_BIT_CONVERSION = YES;
				GCC_WARN_ABOUT_RETURN_TYPE = YES_ERROR;
				GCC_WARN_UNDECLARED_SELECTOR = YES;
				GCC_WARN_UNINITIALIZED_AUTOS = YES_AGGRESSIVE;
				GCC_WARN_UNUSED_FUNCTION = YES;
				GCC_WARN_UNUSED_VARIABLE = YES;
				IPHONEOS_DEPLOYMENT_TARGET = 9.0;
				MTL_ENABLE_DEBUG_INFO = NO;
				MTL_FAST_MATH = YES;
				SDKROOT = iphoneos;
				SWIFT_COMPILATION_MODE = wholemodule;
				SWIFT_OPTIMIZATION_LEVEL = "-O";
				VALIDATE_PRODUCT = YES;
				VERSIONING_SYSTEM = "apple-generic";
				VERSION_INFO_PREFIX = "";
			};
			name = Release;
		};
		16ABEC3824B81BE9007577CF /* Debug */ = {
			isa = XCBuildConfiguration;
			buildSettings = {
				CLANG_ENABLE_MODULES = YES;
				CODE_SIGN_STYLE = Automatic;
				DEFINES_MODULE = YES;
				DEVELOPMENT_TEAM = W7V8BMGJZ4;
				DYLIB_COMPATIBILITY_VERSION = 1;
				DYLIB_CURRENT_VERSION = 1;
				DYLIB_INSTALL_NAME_BASE = "@rpath";
				INFOPLIST_FILE = "$(SRCROOT)/Sources/Info.plist";
				INSTALL_PATH = "$(LOCAL_LIBRARY_DIR)/Frameworks";
				IPHONEOS_DEPLOYMENT_TARGET = 9.0;
				LD_RUNPATH_SEARCH_PATHS = (
					"$(inherited)",
					"@executable_path/Frameworks",
					"@loader_path/Frameworks",
				);
				MARKETING_VERSION = 0.0.1;
				PRODUCT_BUNDLE_IDENTIFIER = com.sia.DITranquillityGraphviz;
				PRODUCT_NAME = "$(TARGET_NAME:c99extidentifier)";
				SKIP_INSTALL = YES;
				SWIFT_OPTIMIZATION_LEVEL = "-Onone";
				SWIFT_VERSION = 5.0;
				TARGETED_DEVICE_FAMILY = "1,2";
			};
			name = Debug;
		};
		16ABEC3924B81BE9007577CF /* Release */ = {
			isa = XCBuildConfiguration;
			buildSettings = {
				CLANG_ENABLE_MODULES = YES;
				CODE_SIGN_STYLE = Automatic;
				DEFINES_MODULE = YES;
				DEVELOPMENT_TEAM = W7V8BMGJZ4;
				DYLIB_COMPATIBILITY_VERSION = 1;
				DYLIB_CURRENT_VERSION = 1;
				DYLIB_INSTALL_NAME_BASE = "@rpath";
				INFOPLIST_FILE = "$(SRCROOT)/Sources/Info.plist";
				INSTALL_PATH = "$(LOCAL_LIBRARY_DIR)/Frameworks";
				IPHONEOS_DEPLOYMENT_TARGET = 9.0;
				LD_RUNPATH_SEARCH_PATHS = (
					"$(inherited)",
					"@executable_path/Frameworks",
					"@loader_path/Frameworks",
				);
				MARKETING_VERSION = 0.0.1;
				PRODUCT_BUNDLE_IDENTIFIER = com.sia.DITranquillityGraphviz;
				PRODUCT_NAME = "$(TARGET_NAME:c99extidentifier)";
				SKIP_INSTALL = YES;
				SWIFT_VERSION = 5.0;
				TARGETED_DEVICE_FAMILY = "1,2";
			};
			name = Release;
		};
/* End XCBuildConfiguration section */

/* Begin XCConfigurationList section */
		16ABEC2924B81BE9007577CF /* Build configuration list for PBXProject "DITranquillityGraphviz" */ = {
			isa = XCConfigurationList;
			buildConfigurations = (
				16ABEC3524B81BE9007577CF /* Debug */,
				16ABEC3624B81BE9007577CF /* Release */,
			);
			defaultConfigurationIsVisible = 0;
			defaultConfigurationName = Release;
		};
		16ABEC3724B81BE9007577CF /* Build configuration list for PBXNativeTarget "DITranquillityGraphviz" */ = {
			isa = XCConfigurationList;
			buildConfigurations = (
				16ABEC3824B81BE9007577CF /* Debug */,
				16ABEC3924B81BE9007577CF /* Release */,
			);
			defaultConfigurationIsVisible = 0;
			defaultConfigurationName = Release;
		};
/* End XCConfigurationList section */

/* Begin XCRemoteSwiftPackageReference section */
		16ABEC4124B81CC8007577CF /* XCRemoteSwiftPackageReference "DITranquillity" */ = {
			isa = XCRemoteSwiftPackageReference;
			repositoryURL = "https://github.com/ivlevAstef/DITranquillity/";
			requirement = {
				kind = upToNextMajorVersion;
				minimumVersion = 4.1.0;
			};
		};
/* End XCRemoteSwiftPackageReference section */

/* Begin XCSwiftPackageProductDependency section */
		16ABEC4224B81CC8007577CF /* DITranquillity */ = {
			isa = XCSwiftPackageProductDependency;
			package = 16ABEC4124B81CC8007577CF /* XCRemoteSwiftPackageReference "DITranquillity" */;
			productName = DITranquillity;
		};
/* End XCSwiftPackageProductDependency section */
	};
	rootObject = 16ABEC2624B81BE9007577CF /* Project object */;
}
